// !$*UTF8*$!
{
	archiveVersion = 1;
	classes = {
	};
	objectVersion = 77;
	objects = {

/* Begin PBXBuildFile section */
		EF5612372FB8756900335A17 /* FirebaseAI in Frameworks */ = {isa = PBXBuildFile; productRef = EF5612362FB8756900335A17 /* FirebaseAI */; };
		EF5612392FB8756900335A17 /* FirebaseAILogic in Frameworks */ = {isa = PBXBuildFile; productRef = EF5612382FB8756900335A17 /* FirebaseAILogic */; };
		EF56123B2FB8756900335A17 /* FirebaseAnalytics in Frameworks */ = {isa = PBXBuildFile; productRef = EF56123A2FB8756900335A17 /* FirebaseAnalytics */; };
		EF56123D2FB8756900335A17 /* FirebaseAnalyticsCore in Frameworks */ = {isa = PBXBuildFile; productRef = EF56123C2FB8756900335A17 /* FirebaseAnalyticsCore */; };
		EF56123F2FB8756900335A17 /* FirebaseAnalyticsIdentitySupport in Frameworks */ = {isa = PBXBuildFile; productRef = EF56123E2FB8756900335A17 /* FirebaseAnalyticsIdentitySupport */; };
		EF5612412FB8756900335A17 /* FirebaseAppCheck in Frameworks */ = {isa = PBXBuildFile; productRef = EF5612402FB8756900335A17 /* FirebaseAppCheck */; };
		EF5612432FB8756900335A17 /* FirebaseAppDistribution-Beta in Frameworks */ = {isa = PBXBuildFile; productRef = EF5612422FB8756900335A17 /* FirebaseAppDistribution-Beta */; };
		EF5612452FB8756900335A17 /* FirebaseAuth in Frameworks */ = {isa = PBXBuildFile; productRef = EF5612442FB8756900335A17 /* FirebaseAuth */; };
		EF5612472FB8756900335A17 /* FirebaseAuthCombine-Community in Frameworks */ = {isa = PBXBuildFile; productRef = EF5612462FB8756900335A17 /* FirebaseAuthCombine-Community */; };
		EF5612492FB8756900335A17 /* FirebaseCore in Frameworks */ = {isa = PBXBuildFile; productRef = EF5612482FB8756900335A17 /* FirebaseCore */; };
		EF56124B2FB8756900335A17 /* FirebaseCrashlytics in Frameworks */ = {isa = PBXBuildFile; productRef = EF56124A2FB8756900335A17 /* FirebaseCrashlytics */; };
		EF56124D2FB8756900335A17 /* FirebaseDatabase in Frameworks */ = {isa = PBXBuildFile; productRef = EF56124C2FB8756900335A17 /* FirebaseDatabase */; };
		EF56124F2FB8756900335A17 /* FirebaseFirestore in Frameworks */ = {isa = PBXBuildFile; productRef = EF56124E2FB8756900335A17 /* FirebaseFirestore */; };
		EF5612512FB8756900335A17 /* FirebaseFirestoreCombine-Community in Frameworks */ = {isa = PBXBuildFile; productRef = EF5612502FB8756900335A17 /* FirebaseFirestoreCombine-Community */; };
		EF5612532FB8756900335A17 /* FirebaseFunctions in Frameworks */ = {isa = PBXBuildFile; productRef = EF5612522FB8756900335A17 /* FirebaseFunctions */; };
		EF5612552FB8756900335A17 /* FirebaseFunctionsCombine-Community in Frameworks */ = {isa = PBXBuildFile; productRef = EF5612542FB8756900335A17 /* FirebaseFunctionsCombine-Community */; };
		EF5612572FB8756900335A17 /* FirebaseInAppMessaging-Beta in Frameworks */ = {isa = PBXBuildFile; productRef = EF5612562FB8756900335A17 /* FirebaseInAppMessaging-Beta */; };
		EF5612592FB8756900335A17 /* FirebaseInstallations in Frameworks */ = {isa = PBXBuildFile; productRef = EF5612582FB8756900335A17 /* FirebaseInstallations */; };
		EF56125B2FB8756900335A17 /* FirebaseMLModelDownloader in Frameworks */ = {isa = PBXBuildFile; productRef = EF56125A2FB8756900335A17 /* FirebaseMLModelDownloader */; };
		EF56125D2FB8756900335A17 /* FirebaseMessaging in Frameworks */ = {isa = PBXBuildFile; productRef = EF56125C2FB8756900335A17 /* FirebaseMessaging */; };
		EF56125F2FB8756900335A17 /* FirebasePerformance in Frameworks */ = {isa = PBXBuildFile; productRef = EF56125E2FB8756900335A17 /* FirebasePerformance */; };
		EF5612612FB8756900335A17 /* FirebaseRemoteConfig in Frameworks */ = {isa = PBXBuildFile; productRef = EF5612602FB8756900335A17 /* FirebaseRemoteConfig */; };
		EF5612632FB8756900335A17 /* FirebaseStorage in Frameworks */ = {isa = PBXBuildFile; productRef = EF5612622FB8756900335A17 /* FirebaseStorage */; };
		EF5612652FB8756900335A17 /* FirebaseStorageCombine-Community in Frameworks */ = {isa = PBXBuildFile; productRef = EF5612642FB8756900335A17 /* FirebaseStorageCombine-Community */; };
/* End PBXBuildFile section */

/* Begin PBXFileReference section */
		EF7F18B72FB7603A00AA0D0E /* RealMatch-app.app */ = {isa = PBXFileReference; explicitFileType = wrapper.application; includeInIndex = 0; path = "RealMatch-app.app"; sourceTree = BUILT_PRODUCTS_DIR; };
/* End PBXFileReference section */

/* Begin PBXFileSystemSynchronizedRootGroup section */
		EF7F18B92FB7603A00AA0D0E /* RealMatch-app */ = {
			isa = PBXFileSystemSynchronizedRootGroup;
			path = "RealMatch-app";
			sourceTree = "<group>";
		};
/* End PBXFileSystemSynchronizedRootGroup section */

/* Begin PBXFrameworksBuildPhase section */
		EF7F18B42FB7603A00AA0D0E /* Frameworks */ = {
			isa = PBXFrameworksBuildPhase;
			buildActionMask = 2147483647;
			files = (
				EF5612432FB8756900335A17 /* FirebaseAppDistribution-Beta in Frameworks */,
				EF56124F2FB8756900335A17 /* FirebaseFirestore in Frameworks */,
				EF5612472FB8756900335A17 /* FirebaseAuthCombine-Community in Frameworks */,
				EF5612592FB8756900335A17 /* FirebaseInstallations in Frameworks */,
				EF5612392FB8756900335A17 /* FirebaseAILogic in Frameworks */,
				EF56123F2FB8756900335A17 /* FirebaseAnalyticsIdentitySupport in Frameworks */,
				EF5612572FB8756900335A17 /* FirebaseInAppMessaging-Beta in Frameworks */,
				EF5612372FB8756900335A17 /* FirebaseAI in Frameworks */,
				EF56124B2FB8756900335A17 /* FirebaseCrashlytics in Frameworks */,
				EF5612552FB8756900335A17 /* FirebaseFunctionsCombine-Community in Frameworks */,
				EF5612652FB8756900335A17 /* FirebaseStorageCombine-Community in Frameworks */,
				EF56124D2FB8756900335A17 /* FirebaseDatabase in Frameworks */,
				EF5612632FB8756900335A17 /* FirebaseStorage in Frameworks */,
				EF5612612FB8756900335A17 /* FirebaseRemoteConfig in Frameworks */,
				EF56123B2FB8756900335A17 /* FirebaseAnalytics in Frameworks */,
				EF56125D2FB8756900335A17 /* FirebaseMessaging in Frameworks */,
				EF56125B2FB8756900335A17 /* FirebaseMLModelDownloader in Frameworks */,
				EF56125F2FB8756900335A17 /* FirebasePerformance in Frameworks */,
				EF5612492FB8756900335A17 /* FirebaseCore in Frameworks */,
				EF5612412FB8756900335A17 /* FirebaseAppCheck in Frameworks */,
				EF56123D2FB8756900335A17 /* FirebaseAnalyticsCore in Frameworks */,
				EF5612532FB8756900335A17 /* FirebaseFunctions in Frameworks */,
				EF5612452FB8756900335A17 /* FirebaseAuth in Frameworks */,
				EF5612512FB8756900335A17 /* FirebaseFirestoreCombine-Community in Frameworks */,
			);
			runOnlyForDeploymentPostprocessing = 0;
		};
/* End PBXFrameworksBuildPhase section */

/* Begin PBXGroup section */
		EF7F18AE2FB7603A00AA0D0E = {
			isa = PBXGroup;
			children = (
				EF7F18B92FB7603A00AA0D0E /* RealMatch-app */,
				EF7F18B82FB7603A00AA0D0E /* Products */,
			);
			sourceTree = "<group>";
		};
		EF7F18B82FB7603A00AA0D0E /* Products */ = {
			isa = PBXGroup;
			children = (
				EF7F18B72FB7603A00AA0D0E /* RealMatch-app.app */,
			);
			name = Products;
			sourceTree = "<group>";
		};
/* End PBXGroup section */

/* Begin PBXNativeTarget section */
		EF7F18B62FB7603A00AA0D0E /* RealMatch-app */ = {
			isa = PBXNativeTarget;
			buildConfigurationList = EF7F18C22FB7603C00AA0D0E /* Build configuration list for PBXNativeTarget "RealMatch-app" */;
			buildPhases = (
				EF7F18B32FB7603A00AA0D0E /* Sources */,
				EF7F18B42FB7603A00AA0D0E /* Frameworks */,
				EF7F18B52FB7603A00AA0D0E /* Resources */,
			);
			buildRules = (
			);
			dependencies = (
			);
			fileSystemSynchronizedGroups = (
				EF7F18B92FB7603A00AA0D0E /* RealMatch-app */,
			);
			name = "RealMatch-app";
			packageProductDependencies = (
				EF5612362FB8756900335A17 /* FirebaseAI */,
				EF5612382FB8756900335A17 /* FirebaseAILogic */,
				EF56123A2FB8756900335A17 /* FirebaseAnalytics */,
				EF56123C2FB8756900335A17 /* FirebaseAnalyticsCore */,
				EF56123E2FB8756900335A17 /* FirebaseAnalyticsIdentitySupport */,
				EF5612402FB8756900335A17 /* FirebaseAppCheck */,
				EF5612422FB8756900335A17 /* FirebaseAppDistribution-Beta */,
				EF5612442FB8756900335A17 /* FirebaseAuth */,
				EF5612462FB8756900335A17 /* FirebaseAuthCombine-Community */,
				EF5612482FB8756900335A17 /* FirebaseCore */,
				EF56124A2FB8756900335A17 /* FirebaseCrashlytics */,
				EF56124C2FB8756900335A17 /* FirebaseDatabase */,
				EF56124E2FB8756900335A17 /* FirebaseFirestore */,
				EF5612502FB8756900335A17 /* FirebaseFirestoreCombine-Community */,
				EF5612522FB8756900335A17 /* FirebaseFunctions */,
				EF5612542FB8756900335A17 /* FirebaseFunctionsCombine-Community */,
				EF5612562FB8756900335A17 /* FirebaseInAppMessaging-Beta */,
				EF5612582FB8756900335A17 /* FirebaseInstallations */,
				EF56125A2FB8756900335A17 /* FirebaseMLModelDownloader */,
				EF56125C2FB8756900335A17 /* FirebaseMessaging */,
				EF56125E2FB8756900335A17 /* FirebasePerformance */,
				EF5612602FB8756900335A17 /* FirebaseRemoteConfig */,
				EF5612622FB8756900335A17 /* FirebaseStorage */,
				EF5612642FB8756900335A17 /* FirebaseStorageCombine-Community */,
			);
			productName = "RealMatch-app";
			productReference = EF7F18B72FB7603A00AA0D0E /* RealMatch-app.app */;
			productType = "com.apple.product-type.application";
		};
/* End PBXNativeTarget section */

/* Begin PBXProject section */
		EF7F18AF2FB7603A00AA0D0E /* Project object */ = {
			isa = PBXProject;
			attributes = {
				BuildIndependentTargetsInParallel = 1;
				LastSwiftUpdateCheck = 2640;
				LastUpgradeCheck = 2640;
				TargetAttributes = {
					EF7F18B62FB7603A00AA0D0E = {
						CreatedOnToolsVersion = 26.4.1;
					};
				};
			};
			buildConfigurationList = EF7F18B22FB7603A00AA0D0E /* Build configuration list for PBXProject "RealMatch-app" */;
			developmentRegion = en;
			hasScannedForEncodings = 0;
			knownRegions = (
				en,
				Base,
			);
			mainGroup = EF7F18AE2FB7603A00AA0D0E;
			minimizedProjectReferenceProxies = 1;
			packageReferences = (
				EF5612352FB8756900335A17 /* XCRemoteSwiftPackageReference "firebase-ios-sdk" */,
			);
			preferredProjectObjectVersion = 77;
			productRefGroup = EF7F18B82FB7603A00AA0D0E /* Products */;
			projectDirPath = "";
			projectRoot = "";
			targets = (
				EF7F18B62FB7603A00AA0D0E /* RealMatch-app */,
			);
		};
/* End PBXProject section */

/* Begin PBXResourcesBuildPhase section */
		EF7F18B52FB7603A00AA0D0E /* Resources */ = {
			isa = PBXResourcesBuildPhase;
			buildActionMask = 2147483647;
			files = (
			);
			runOnlyForDeploymentPostprocessing = 0;
		};
/* End PBXResourcesBuildPhase section */

/* Begin PBXSourcesBuildPhase section */
		EF7F18B32FB7603A00AA0D0E /* Sources */ = {
			isa = PBXSourcesBuildPhase;
			buildActionMask = 2147483647;
			files = (
			);
			runOnlyForDeploymentPostprocessing = 0;
		};
/* End PBXSourcesBuildPhase section */

/* Begin XCBuildConfiguration section */
		EF7F18C02FB7603C00AA0D0E /* Debug */ = {
			isa = XCBuildConfiguration;
			buildSettings = {
				ALWAYS_SEARCH_USER_PATHS = NO;
				ASSETCATALOG_COMPILER_GENERATE_SWIFT_ASSET_SYMBOL_EXTENSIONS = YES;
				CLANG_ANALYZER_NONNULL = YES;
				CLANG_ANALYZER_NUMBER_OBJECT_CONVERSION = YES_AGGRESSIVE;
				CLANG_CXX_LANGUAGE_STANDARD = "gnu++20";
				CLANG_ENABLE_MODULES = YES;
				CLANG_ENABLE_OBJC_ARC = YES;
				CLANG_ENABLE_OBJC_WEAK = YES;
				CLANG_WARN_BLOCK_CAPTURE_AUTORELEASING = YES;
				CLANG_WARN_BOOL_CONVERSION = YES;
				CLANG_WARN_COMMA = YES;
				CLANG_WARN_CONSTANT_CONVERSION = YES;
				CLANG_WARN_DEPRECATED_OBJC_IMPLEMENTATIONS = YES;
				CLANG_WARN_DIRECT_OBJC_ISA_USAGE = YES_ERROR;
				CLANG_WARN_DOCUMENTATION_COMMENTS = YES;
				CLANG_WARN_EMPTY_BODY = YES;
				CLANG_WARN_ENUM_CONVERSION = YES;
				CLANG_WARN_INFINITE_RECURSION = YES;
				CLANG_WARN_INT_CONVERSION = YES;
				CLANG_WARN_NON_LITERAL_NULL_CONVERSION = YES;
				CLANG_WARN_OBJC_IMPLICIT_RETAIN_SELF = YES;
				CLANG_WARN_OBJC_LITERAL_CONVERSION = YES;
				CLANG_WARN_OBJC_ROOT_CLASS = YES_ERROR;
				CLANG_WARN_QUOTED_INCLUDE_IN_FRAMEWORK_HEADER = YES;
				CLANG_WARN_RANGE_LOOP_ANALYSIS = YES;
				CLANG_WARN_STRICT_PROTOTYPES = YES;
				CLANG_WARN_SUSPICIOUS_MOVE = YES;
				CLANG_WARN_UNGUARDED_AVAILABILITY = YES_AGGRESSIVE;
				CLANG_WARN_UNREACHABLE_CODE = YES;
				CLANG_WARN__DUPLICATE_METHOD_MATCH = YES;
				COPY_PHASE_STRIP = NO;
				DEBUG_INFORMATION_FORMAT = dwarf;
				ENABLE_STRICT_OBJC_MSGSEND = YES;
				ENABLE_TESTABILITY = YES;
				ENABLE_USER_SCRIPT_SANDBOXING = YES;
				GCC_C_LANGUAGE_STANDARD = gnu17;
				GCC_DYNAMIC_NO_PIC = NO;
				GCC_NO_COMMON_BLOCKS = YES;
				GCC_OPTIMIZATION_LEVEL = 0;
				GCC_PREPROCESSOR_DEFINITIONS = (
					"DEBUG=1",
					"$(inherited)",
				);
				GCC_WARN_64_TO_32_BIT_CONVERSION = YES;
				GCC_WARN_ABOUT_RETURN_TYPE = YES_ERROR;
				GCC_WARN_UNDECLARED_SELECTOR = YES;
				GCC_WARN_UNINITIALIZED_AUTOS = YES_AGGRESSIVE;
				GCC_WARN_UNUSED_FUNCTION = YES;
				GCC_WARN_UNUSED_VARIABLE = YES;
				IPHONEOS_DEPLOYMENT_TARGET = 26.4;
				LOCALIZATION_PREFERS_STRING_CATALOGS = YES;
				MTL_ENABLE_DEBUG_INFO = INCLUDE_SOURCE;
				MTL_FAST_MATH = YES;
				ONLY_ACTIVE_ARCH = YES;
				SDKROOT = iphoneos;
				SWIFT_ACTIVE_COMPILATION_CONDITIONS = "DEBUG $(inherited)";
				SWIFT_OPTIMIZATION_LEVEL = "-Onone";
			};
			name = Debug;
		};
		EF7F18C12FB7603C00AA0D0E /* Release */ = {
			isa = XCBuildConfiguration;
			buildSettings = {
				ALWAYS_SEARCH_USER_PATHS = NO;
				ASSETCATALOG_COMPILER_GENERATE_SWIFT_ASSET_SYMBOL_EXTENSIONS = YES;
				CLANG_ANALYZER_NONNULL = YES;
				CLANG_ANALYZER_NUMBER_OBJECT_CONVERSION = YES_AGGRESSIVE;
				CLANG_CXX_LANGUAGE_STANDARD = "gnu++20";
				CLANG_ENABLE_MODULES = YES;
				CLANG_ENABLE_OBJC_ARC = YES;
				CLANG_ENABLE_OBJC_WEAK = YES;
				CLANG_WARN_BLOCK_CAPTURE_AUTORELEASING = YES;
				CLANG_WARN_BOOL_CONVERSION = YES;
				CLANG_WARN_COMMA = YES;
				CLANG_WARN_CONSTANT_CONVERSION = YES;
				CLANG_WARN_DEPRECATED_OBJC_IMPLEMENTATIONS = YES;
				CLANG_WARN_DIRECT_OBJC_ISA_USAGE = YES_ERROR;
				CLANG_WARN_DOCUMENTATION_COMMENTS = YES;
				CLANG_WARN_EMPTY_BODY = YES;
				CLANG_WARN_ENUM_CONVERSION = YES;
				CLANG_WARN_INFINITE_RECURSION = YES;
				CLANG_WARN_INT_CONVERSION = YES;
				CLANG_WARN_NON_LITERAL_NULL_CONVERSION = YES;
				CLANG_WARN_OBJC_IMPLICIT_RETAIN_SELF = YES;
				CLANG_WARN_OBJC_LITERAL_CONVERSION = YES;
				CLANG_WARN_OBJC_ROOT_CLASS = YES_ERROR;
				CLANG_WARN_QUOTED_INCLUDE_IN_FRAMEWORK_HEADER = YES;
				CLANG_WARN_RANGE_LOOP_ANALYSIS = YES;
				CLANG_WARN_STRICT_PROTOTYPES = YES;
				CLANG_WARN_SUSPICIOUS_MOVE = YES;
				CLANG_WARN_UNGUARDED_AVAILABILITY = YES_AGGRESSIVE;
				CLANG_WARN_UNREACHABLE_CODE = YES;
				CLANG_WARN__DUPLICATE_METHOD_MATCH = YES;
				COPY_PHASE_STRIP = NO;
				DEBUG_INFORMATION_FORMAT = "dwarf-with-dsym";
				ENABLE_NS_ASSERTIONS = NO;
				ENABLE_STRICT_OBJC_MSGSEND = YES;
				ENABLE_USER_SCRIPT_SANDBOXING = YES;
				GCC_C_LANGUAGE_STANDARD = gnu17;
				GCC_NO_COMMON_BLOCKS = YES;
				GCC_WARN_64_TO_32_BIT_CONVERSION = YES;
				GCC_WARN_ABOUT_RETURN_TYPE = YES_ERROR;
				GCC_WARN_UNDECLARED_SELECTOR = YES;
				GCC_WARN_UNINITIALIZED_AUTOS = YES_AGGRESSIVE;
				GCC_WARN_UNUSED_FUNCTION = YES;
				GCC_WARN_UNUSED_VARIABLE = YES;
				IPHONEOS_DEPLOYMENT_TARGET = 26.4;
				LOCALIZATION_PREFERS_STRING_CATALOGS = YES;
				MTL_ENABLE_DEBUG_INFO = NO;
				MTL_FAST_MATH = YES;
				SDKROOT = iphoneos;
				SWIFT_COMPILATION_MODE = wholemodule;
				VALIDATE_PRODUCT = YES;
			};
			name = Release;
		};
		EF7F18C32FB7603C00AA0D0E /* Debug */ = {
			isa = XCBuildConfiguration;
			buildSettings = {
				ASSETCATALOG_COMPILER_APPICON_NAME = AppIcon;
				ASSETCATALOG_COMPILER_GLOBAL_ACCENT_COLOR_NAME = AccentColor;
				CODE_SIGN_STYLE = Automatic;
				CURRENT_PROJECT_VERSION = 1;
				ENABLE_PREVIEWS = YES;
				GENERATE_INFOPLIST_FILE = YES;
				INFOPLIST_KEY_UIApplicationSceneManifest_Generation = YES;
				INFOPLIST_KEY_UIApplicationSupportsIndirectInputEvents = YES;
				INFOPLIST_KEY_UILaunchScreen_Generation = YES;
				INFOPLIST_KEY_UISupportedInterfaceOrientations_iPad = "UIInterfaceOrientationPortrait UIInterfaceOrientationPortraitUpsideDown UIInterfaceOrientationLandscapeLeft UIInterfaceOrientationLandscapeRight";
				INFOPLIST_KEY_UISupportedInterfaceOrientations_iPhone = "UIInterfaceOrientationPortrait UIInterfaceOrientationLandscapeLeft UIInterfaceOrientationLandscapeRight";
				LD_RUNPATH_SEARCH_PATHS = (
					"$(inherited)",
					"@executable_path/Frameworks",
				);
				MARKETING_VERSION = 1.0;
				PRODUCT_BUNDLE_IDENTIFIER = "test.RealMatch-app";
				PRODUCT_NAME = "$(TARGET_NAME)";
				STRING_CATALOG_GENERATE_SYMBOLS = YES;
				SWIFT_APPROACHABLE_CONCURRENCY = YES;
				SWIFT_DEFAULT_ACTOR_ISOLATION = MainActor;
				SWIFT_EMIT_LOC_STRINGS = YES;
				SWIFT_UPCOMING_FEATURE_MEMBER_IMPORT_VISIBILITY = YES;
				SWIFT_VERSION = 5.0;
				TARGETED_DEVICE_FAMILY = "1,2";
			};
			name = Debug;
		};
		EF7F18C42FB7603C00AA0D0E /* Release */ = {
			isa = XCBuildConfiguration;
			buildSettings = {
				ASSETCATALOG_COMPILER_APPICON_NAME = AppIcon;
				ASSETCATALOG_COMPILER_GLOBAL_ACCENT_COLOR_NAME = AccentColor;
				CODE_SIGN_STYLE = Automatic;
				CURRENT_PROJECT_VERSION = 1;
				ENABLE_PREVIEWS = YES;
				GENERATE_INFOPLIST_FILE = YES;
				INFOPLIST_KEY_UIApplicationSceneManifest_Generation = YES;
				INFOPLIST_KEY_UIApplicationSupportsIndirectInputEvents = YES;
				INFOPLIST_KEY_UILaunchScreen_Generation = YES;
				INFOPLIST_KEY_UISupportedInterfaceOrientations_iPad = "UIInterfaceOrientationPortrait UIInterfaceOrientationPortraitUpsideDown UIInterfaceOrientationLandscapeLeft UIInterfaceOrientationLandscapeRight";
				INFOPLIST_KEY_UISupportedInterfaceOrientations_iPhone = "UIInterfaceOrientationPortrait UIInterfaceOrientationLandscapeLeft UIInterfaceOrientationLandscapeRight";
				LD_RUNPATH_SEARCH_PATHS = (
					"$(inherited)",
					"@executable_path/Frameworks",
				);
				MARKETING_VERSION = 1.0;
				PRODUCT_BUNDLE_IDENTIFIER = "test.RealMatch-app";
				PRODUCT_NAME = "$(TARGET_NAME)";
				STRING_CATALOG_GENERATE_SYMBOLS = YES;
				SWIFT_APPROACHABLE_CONCURRENCY = YES;
				SWIFT_DEFAULT_ACTOR_ISOLATION = MainActor;
				SWIFT_EMIT_LOC_STRINGS = YES;
				SWIFT_UPCOMING_FEATURE_MEMBER_IMPORT_VISIBILITY = YES;
				SWIFT_VERSION = 5.0;
				TARGETED_DEVICE_FAMILY = "1,2";
			};
			name = Release;
		};
/* End XCBuildConfiguration section */

/* Begin XCConfigurationList section */
		EF7F18B22FB7603A00AA0D0E /* Build configuration list for PBXProject "RealMatch-app" */ = {
			isa = XCConfigurationList;
			buildConfigurations = (
				EF7F18C02FB7603C00AA0D0E /* Debug */,
				EF7F18C12FB7603C00AA0D0E /* Release */,
			);
			defaultConfigurationIsVisible = 0;
			defaultConfigurationName = Release;
		};
		EF7F18C22FB7603C00AA0D0E /* Build configuration list for PBXNativeTarget "RealMatch-app" */ = {
			isa = XCConfigurationList;
			buildConfigurations = (
				EF7F18C32FB7603C00AA0D0E /* Debug */,
				EF7F18C42FB7603C00AA0D0E /* Release */,
			);
			defaultConfigurationIsVisible = 0;
			defaultConfigurationName = Release;
		};
/* End XCConfigurationList section */

/* Begin XCRemoteSwiftPackageReference section */
		EF5612352FB8756900335A17 /* XCRemoteSwiftPackageReference "firebase-ios-sdk" */ = {
			isa = XCRemoteSwiftPackageReference;
			repositoryURL = "https://github.com/firebase/firebase-ios-sdk.git";
			requirement = {
				kind = upToNextMajorVersion;
				minimumVersion = 12.13.0;
			};
		};
/* End XCRemoteSwiftPackageReference section */

/* Begin XCSwiftPackageProductDependency section */
		EF5612362FB8756900335A17 /* FirebaseAI */ = {
			isa = XCSwiftPackageProductDependency;
			package = EF5612352FB8756900335A17 /* XCRemoteSwiftPackageReference "firebase-ios-sdk" */;
			productName = FirebaseAI;
		};
		EF5612382FB8756900335A17 /* FirebaseAILogic */ = {
			isa = XCSwiftPackageProductDependency;
			package = EF5612352FB8756900335A17 /* XCRemoteSwiftPackageReference "firebase-ios-sdk" */;
			productName = FirebaseAILogic;
		};
		EF56123A2FB8756900335A17 /* FirebaseAnalytics */ = {
			isa = XCSwiftPackageProductDependency;
			package = EF5612352FB8756900335A17 /* XCRemoteSwiftPackageReference "firebase-ios-sdk" */;
			productName = FirebaseAnalytics;
		};
		EF56123C2FB8756900335A17 /* FirebaseAnalyticsCore */ = {
			isa = XCSwiftPackageProductDependency;
			package = EF5612352FB8756900335A17 /* XCRemoteSwiftPackageReference "firebase-ios-sdk" */;
			productName = FirebaseAnalyticsCore;
		};
		EF56123E2FB8756900335A17 /* FirebaseAnalyticsIdentitySupport */ = {
			isa = XCSwiftPackageProductDependency;
			package = EF5612352FB8756900335A17 /* XCRemoteSwiftPackageReference "firebase-ios-sdk" */;
			productName = FirebaseAnalyticsIdentitySupport;
		};
		EF5612402FB8756900335A17 /* FirebaseAppCheck */ = {
			isa = XCSwiftPackageProductDependency;
			package = EF5612352FB8756900335A17 /* XCRemoteSwiftPackageReference "firebase-ios-sdk" */;
			productName = FirebaseAppCheck;
		};
		EF5612422FB8756900335A17 /* FirebaseAppDistribution-Beta */ = {
			isa = XCSwiftPackageProductDependency;
			package = EF5612352FB8756900335A17 /* XCRemoteSwiftPackageReference "firebase-ios-sdk" */;
			productName = "FirebaseAppDistribution-Beta";
		};
		EF5612442FB8756900335A17 /* FirebaseAuth */ = {
			isa = XCSwiftPackageProductDependency;
			package = EF5612352FB8756900335A17 /* XCRemoteSwiftPackageReference "firebase-ios-sdk" */;
			productName = FirebaseAuth;
		};
		EF5612462FB8756900335A17 /* FirebaseAuthCombine-Community */ = {
			isa = XCSwiftPackageProductDependency;
			package = EF5612352FB8756900335A17 /* XCRemoteSwiftPackageReference "firebase-ios-sdk" */;
			productName = "FirebaseAuthCombine-Community";
		};
		EF5612482FB8756900335A17 /* FirebaseCore */ = {
			isa = XCSwiftPackageProductDependency;
			package = EF5612352FB8756900335A17 /* XCRemoteSwiftPackageReference "firebase-ios-sdk" */;
			productName = FirebaseCore;
		};
		EF56124A2FB8756900335A17 /* FirebaseCrashlytics */ = {
			isa = XCSwiftPackageProductDependency;
			package = EF5612352FB8756900335A17 /* XCRemoteSwiftPackageReference "firebase-ios-sdk" */;
			productName = FirebaseCrashlytics;
		};
		EF56124C2FB8756900335A17 /* FirebaseDatabase */ = {
			isa = XCSwiftPackageProductDependency;
			package = EF5612352FB8756900335A17 /* XCRemoteSwiftPackageReference "firebase-ios-sdk" */;
			productName = FirebaseDatabase;
		};
		EF56124E2FB8756900335A17 /* FirebaseFirestore */ = {
			isa = XCSwiftPackageProductDependency;
			package = EF5612352FB8756900335A17 /* XCRemoteSwiftPackageReference "firebase-ios-sdk" */;
			productName = FirebaseFirestore;
		};
		EF5612502FB8756900335A17 /* FirebaseFirestoreCombine-Community */ = {
			isa = XCSwiftPackageProductDependency;
			package = EF5612352FB8756900335A17 /* XCRemoteSwiftPackageReference "firebase-ios-sdk" */;
			productName = "FirebaseFirestoreCombine-Community";
		};
		EF5612522FB8756900335A17 /* FirebaseFunctions */ = {
			isa = XCSwiftPackageProductDependency;
			package = EF5612352FB8756900335A17 /* XCRemoteSwiftPackageReference "firebase-ios-sdk" */;
			productName = FirebaseFunctions;
		};
		EF5612542FB8756900335A17 /* FirebaseFunctionsCombine-Community */ = {
			isa = XCSwiftPackageProductDependency;
			package = EF5612352FB8756900335A17 /* XCRemoteSwiftPackageReference "firebase-ios-sdk" */;
			productName = "FirebaseFunctionsCombine-Community";
		};
		EF5612562FB8756900335A17 /* FirebaseInAppMessaging-Beta */ = {
			isa = XCSwiftPackageProductDependency;
			package = EF5612352FB8756900335A17 /* XCRemoteSwiftPackageReference "firebase-ios-sdk" */;
			productName = "FirebaseInAppMessaging-Beta";
		};
		EF5612582FB8756900335A17 /* FirebaseInstallations */ = {
			isa = XCSwiftPackageProductDependency;
			package = EF5612352FB8756900335A17 /* XCRemoteSwiftPackageReference "firebase-ios-sdk" */;
			productName = FirebaseInstallations;
		};
		EF56125A2FB8756900335A17 /* FirebaseMLModelDownloader */ = {
			isa = XCSwiftPackageProductDependency;
			package = EF5612352FB8756900335A17 /* XCRemoteSwiftPackageReference "firebase-ios-sdk" */;
			productName = FirebaseMLModelDownloader;
		};
		EF56125C2FB8756900335A17 /* FirebaseMessaging */ = {
			isa = XCSwiftPackageProductDependency;
			package = EF5612352FB8756900335A17 /* XCRemoteSwiftPackageReference "firebase-ios-sdk" */;
			productName = FirebaseMessaging;
		};
		EF56125E2FB8756900335A17 /* FirebasePerformance */ = {
			isa = XCSwiftPackageProductDependency;
			package = EF5612352FB8756900335A17 /* XCRemoteSwiftPackageReference "firebase-ios-sdk" */;
			productName = FirebasePerformance;
		};
		EF5612602FB8756900335A17 /* FirebaseRemoteConfig */ = {
			isa = XCSwiftPackageProductDependency;
			package = EF5612352FB8756900335A17 /* XCRemoteSwiftPackageReference "firebase-ios-sdk" */;
			productName = FirebaseRemoteConfig;
		};
		EF5612622FB8756900335A17 /* FirebaseStorage */ = {
			isa = XCSwiftPackageProductDependency;
			package = EF5612352FB8756900335A17 /* XCRemoteSwiftPackageReference "firebase-ios-sdk" */;
			productName = FirebaseStorage;
		};
		EF5612642FB8756900335A17 /* FirebaseStorageCombine-Community */ = {
			isa = XCSwiftPackageProductDependency;
			package = EF5612352FB8756900335A17 /* XCRemoteSwiftPackageReference "firebase-ios-sdk" */;
			productName = "FirebaseStorageCombine-Community";
		};
/* End XCSwiftPackageProductDependency section */
	};
	rootObject = EF7F18AF2FB7603A00AA0D0E /* Project object */;
}
